
Microsoft Visual Studio Solution File, Format Version 12.00
# Visual Studio Version 16
VisualStudioVersion = 16.0.30804.86
MinimumVisualStudioVersion = 10.0.40219.1
Project("{FAE04EC0-301F-11D3-BF4B-00C04F79EFBC}") = "GradeBook", "GradeBook\GradeBook.csproj", "{E22B59E6-7DCF-4198-9AD4-4C1428407B85}"
EndProject
Project("{2150E333-8FDC-42A3-9474-1A3956D46DE8}") = "test", "test", "{94582C28-274F-4332-A09F-BAB570A2050A}"
EndProject
Project("{FAE04EC0-301F-11D3-BF4B-00C04F79EFBC}") = "GradeBook.Test", "GradeBook.Test\GradeBook.Test.csproj", "{2B7DD23F-956C-4F94-901A-0E7A9FCDB978}"
EndProject
Global
	GlobalSection(SolutionConfigurationPlatforms) = preSolution
		Debug|Any CPU = Debug|Any CPU
		Release|Any CPU = Release|Any CPU
	EndGlobalSection
	GlobalSection(ProjectConfigurationPlatforms) = postSolution
		{E22B59E6-7DCF-4198-9AD4-4C1428407B85}.Debug|Any CPU.ActiveCfg = Debug|Any CPU
		{E22B59E6-7DCF-4198-9AD4-4C1428407B85}.Debug|Any CPU.Build.0 = Debug|Any CPU
		{E22B59E6-7DCF-4198-9AD4-4C1428407B85}.Release|Any CPU.ActiveCfg = Release|Any CPU
		{E22B59E6-7DCF-4198-9AD4-4C1428407B85}.Release|Any CPU.Build.0 = Release|Any CPU
		{2B7DD23F-956C-4F94-901A-0E7A9FCDB978}.Debug|Any CPU.ActiveCfg = Debug|Any CPU
		{2B7DD23F-956C-4F94-901A-0E7A9FCDB978}.Debug|Any CPU.Build.0 = Debug|Any CPU
		{2B7DD23F-956C-4F94-901A-0E7A9FCDB978}.Release|Any CPU.ActiveCfg = Release|Any CPU
		{2B7DD23F-956C-4F94-901A-0E7A9FCDB978}.Release|Any CPU.Build.0 = Release|Any CPU
	EndGlobalSection
	GlobalSection(SolutionProperties) = preSolution
		HideSolutionNode = FALSE
	EndGlobalSection
	GlobalSection(NestedProjects) = preSolution
		{2B7DD23F-956C-4F94-901A-0E7A9FCDB978} = {94582C28-274F-4332-A09F-BAB570A2050A}
	EndGlobalSection
	GlobalSection(ExtensibilityGlobals) = postSolution
		SolutionGuid = {9D90DD28-7F84-42D2-80C0-20BA5119EF1D}
	EndGlobalSection
EndGlobal
